lockfileVersion: '6.0'

settings:
  autoInstallPeers: true
  excludeLinksFromLockfile: false

dependencies:
  '@unocss/reset':
    specifier: ^0.55.7
    version: 0.55.7

packages:

  /@unocss/reset@0.55.7:
    resolution: {integrity: sha512-yvmLhxqUNgf6wue7IvhV/FdrQW9H9LF1Bmmhwwaiz2aV0E74aN4pbuYPZwNq3YafsQvNQ0UdtuXjddY4QMRCPw==}
    dev: false
